// !$*UTF8*$!
{
	archiveVersion = 1;
	classes = {
	};
	objectVersion = 46;
	objects = {

/* Begin PBXBuildFile section */
		F9817DBD1F4C701200C904EE /* AppDelegate.swift in Sources */ = {isa = PBXBuildFile; fileRef = F9817DBC1F4C701200C904EE /* AppDelegate.swift */; };
		F9817DBF1F4C701200C904EE /* ViewController.swift in Sources */ = {isa = PBXBuildFile; fileRef = F9817DBE1F4C701200C904EE /* ViewController.swift */; };
		F9817DC21F4C701200C904EE /* Main.storyboard in Resources */ = {isa = PBXBuildFile; fileRef = F9817DC01F4C701200C904EE /* Main.storyboard */; };
		F9817DC41F4C701200C904EE /* Assets.xcassets in Resources */ = {isa = PBXBuildFile; fileRef = F9817DC31F4C701200C904EE /* Assets.xcassets */; };
		F9817DC71F4C701200C904EE /* LaunchScreen.storyboard in Resources */ = {isa = PBXBuildFile; fileRef = F9817DC51F4C701200C904EE /* LaunchScreen.storyboard */; };
		F9EB28701F51D83200FA5788 /* Info.plist in Resources */ = {isa = PBXBuildFile; fileRef = F9EB286F1F51D83200FA5788 /* Info.plist */; };
/* End PBXBuildFile section */

/* Begin PBXFileReference section */
		F9817DB91F4C701200C904EE /* Control.app */ = {isa = PBXFileReference; explicitFileType = wrapper.application; includeInIndex = 0; path = Control.app; sourceTree = BUILT_PRODUCTS_DIR; };
		F9817DBC1F4C701200C904EE /* AppDelegate.swift */ = {isa = PBXFileReference; lastKnownFileType = sourcecode.swift; path = AppDelegate.swift; sourceTree = "<group>"; };
		F9817DBE1F4C701200C904EE /* ViewController.swift */ = {isa = PBXFileReference; lastKnownFileType = sourcecode.swift; path = ViewController.swift; sourceTree = "<group>"; };
		F9817DC11F4C701200C904EE /* Base */ = {isa = PBXFileReference; lastKnownFileType = file.storyboard; name = Base; path = Base.lproj/Main.storyboard; sourceTree = "<group>"; };
		F9817DC31F4C701200C904EE /* Assets.xcassets */ = {isa = PBXFileReference; lastKnownFileType = folder.assetcatalog; path = Assets.xcassets; sourceTree = "<group>"; };
		F9817DC61F4C701200C904EE /* Base */ = {isa = PBXFileReference; lastKnownFileType = file.storyboard; name = Base; path = Base.lproj/LaunchScreen.storyboard; sourceTree = "<group>"; };
		F9EB286F1F51D83200FA5788 /* Info.plist */ = {isa = PBXFileReference; fileEncoding = 4; lastKnownFileType = text.plist.xml; path = Info.plist; sourceTree = "<group>"; };
/* End PBXFileReference section */

/* Begin PBXFrameworksBuildPhase section */
		F9817DB61F4C701200C904EE /* Frameworks */ = {
			isa = PBXFrameworksBuildPhase;
			buildActionMask = 2147483647;
			files = (
			);
			runOnlyForDeploymentPostprocessing = 0;
		};
/* End PBXFrameworksBuildPhase section */

/* Begin PBXGroup section */
		F9817DB01F4C701200C904EE = {
			isa = PBXGroup;
			children = (
				F9817DBB1F4C701200C904EE /* Control */,
				F9817DBA1F4C701200C904EE /* Products */,
			);
			sourceTree = "<group>";
		};
		F9817DBA1F4C701200C904EE /* Products */ = {
			isa = PBXGroup;
			children = (
				F9817DB91F4C701200C904EE /* Control.app */,
			);
			name = Products;
			sourceTree = "<group>";
		};
		F9817DBB1F4C701200C904EE /* Control */ = {
			isa = PBXGroup;
			children = (
				F9EB286F1F51D83200FA5788 /* Info.plist */,
				F9817DBC1F4C701200C904EE /* AppDelegate.swift */,
				F9817DBE1F4C701200C904EE /* ViewController.swift */,
				F9817DC01F4C701200C904EE /* Main.storyboard */,
				F9817DC31F4C701200C904EE /* Assets.xcassets */,
				F9817DC51F4C701200C904EE /* LaunchScreen.storyboard */,
			);
			path = Control;
			sourceTree = "<group>";
		};
/* End PBXGroup section */

/* Begin PBXNativeTarget section */
		F9817DB81F4C701200C904EE /* Control */ = {
			isa = PBXNativeTarget;
			buildConfigurationList = F9817DCB1F4C701200C904EE /* Build configuration list for PBXNativeTarget "Control" */;
			buildPhases = (
				F9817DB51F4C701200C904EE /* Sources */,
				F9817DB61F4C701200C904EE /* Frameworks */,
				F9817DB71F4C701200C904EE /* Resources */,
			);
			buildRules = (
			);
			dependencies = (
			);
			name = Control;
			productName = Control;
			productReference = F9817DB91F4C701200C904EE /* Control.app */;
			productType = "com.apple.product-type.application";
		};
/* End PBXNativeTarget section */

/* Begin PBXProject section */
		F9817DB11F4C701200C904EE /* Project object */ = {
			isa = PBXProject;
			attributes = {
				LastSwiftUpdateCheck = 0830;
				LastUpgradeCheck = 0830;
				ORGANIZATIONNAME = Shingo;
				TargetAttributes = {
					F9817DB81F4C701200C904EE = {
						CreatedOnToolsVersion = 8.3.3;
						DevelopmentTeam = MF4M3CTG8F;
						LastSwiftMigration = 0830;
						ProvisioningStyle = Automatic;
					};
				};
			};
			buildConfigurationList = F9817DB41F4C701200C904EE /* Build configuration list for PBXProject "Control" */;
			compatibilityVersion = "Xcode 3.2";
			developmentRegion = English;
			hasScannedForEncodings = 0;
			knownRegions = (
				en,
				Base,
			);
			mainGroup = F9817DB01F4C701200C904EE;
			productRefGroup = F9817DBA1F4C701200C904EE /* Products */;
			projectDirPath = "";
			projectRoot = "";
			targets = (
				F9817DB81F4C701200C904EE /* Control */,
			);
		};
/* End PBXProject section */

/* Begin PBXResourcesBuildPhase section */
		F9817DB71F4C701200C904EE /* Resources */ = {
			isa = PBXResourcesBuildPhase;
			buildActionMask = 2147483647;
			files = (
				F9EB28701F51D83200FA5788 /* Info.plist in Resources */,
				F9817DC71F4C701200C904EE /* LaunchScreen.storyboard in Resources */,
				F9817DC41F4C701200C904EE /* Assets.xcassets in Resources */,
				F9817DC21F4C701200C904EE /* Main.storyboard in Resources */,
			);
			runOnlyForDeploymentPostprocessing = 0;
		};
/* End PBXResourcesBuildPhase section */

/* Begin PBXSourcesBuildPhase section */
		F9817DB51F4C701200C904EE /* Sources */ = {
			isa = PBXSourcesBuildPhase;
			buildActionMask = 2147483647;
			files = (
				F9817DBF1F4C701200C904EE /* ViewController.swift in Sources */,
				F9817DBD1F4C701200C904EE /* AppDelegate.swift in Sources */,
			);
			runOnlyForDeploymentPostprocessing = 0;
		};
/* End PBXSourcesBuildPhase section */

/* Begin PBXVariantGroup section */
		F9817DC01F4C701200C904EE /* Main.storyboard */ = {
			isa = PBXVariantGroup;
			children = (
				F9817DC11F4C701200C904EE /* Base */,
			);
			name = Main.storyboard;
			sourceTree = "<group>";
		};
		F9817DC51F4C701200C904EE /* LaunchScreen.storyboard */ = {
			isa = PBXVariantGroup;
			children = (
				F9817DC61F4C701200C904EE /* Base */,
			);
			name = LaunchScreen.storyboard;
			sourceTree = "<group>";
		};
/* End PBXVariantGroup section */

/* Begin XCBuildConfiguration section */
		F9817DC91F4C701200C904EE /* Debug */ = {
			isa = XCBuildConfiguration;
			buildSettings = {
				ALWAYS_SEARCH_USER_PATHS = NO;
				CLANG_ANALYZER_NONNULL = YES;
				CLANG_ANALYZER_NUMBER_OBJECT_CONVERSION = YES_AGGRESSIVE;
				CLANG_CXX_LANGUAGE_STANDARD = "gnu++0x";
				CLANG_CXX_LIBRARY = "libc++";
				CLANG_ENABLE_MODULES = YES;
				CLANG_ENABLE_OBJC_ARC = YES;
				CLANG_WARN_BOOL_CONVERSION = YES;
				CLANG_WARN_CONSTANT_CONVERSION = YES;
				CLANG_WARN_DIRECT_OBJC_ISA_USAGE = YES_ERROR;
				CLANG_WARN_DOCUMENTATION_COMMENTS = YES;
				CLANG_WARN_EMPTY_BODY = YES;
				CLANG_WARN_ENUM_CONVERSION = YES;
				CLANG_WARN_INFINITE_RECURSION = YES;
				CLANG_WARN_INT_CONVERSION = YES;
				CLANG_WARN_OBJC_ROOT_CLASS = YES_ERROR;
				CLANG_WARN_SUSPICIOUS_MOVE = YES;
				CLANG_WARN_UNREACHABLE_CODE = YES;
				CLANG_WARN__DUPLICATE_METHOD_MATCH = YES;
				"CODE_SIGN_IDENTITY[sdk=iphoneos*]" = "iPhone Developer";
				COPY_PHASE_STRIP = NO;
				DEBUG_INFORMATION_FORMAT = dwarf;
				ENABLE_STRICT_OBJC_MSGSEND = YES;
				ENABLE_TESTABILITY = YES;
				GCC_C_LANGUAGE_STANDARD = gnu99;
				GCC_DYNAMIC_NO_PIC = NO;
				GCC_NO_COMMON_BLOCKS = YES;
				GCC_OPTIMIZATION_LEVEL = 0;
				GCC_PREPROCESSOR_DEFINITIONS = (
					"DEBUG=1",
					"$(inherited)",
				);
				GCC_WARN_64_TO_32_BIT_CONVERSION = YES;
				GCC_WARN_ABOUT_RETURN_TYPE = YES_ERROR;
				GCC_WARN_UNDECLARED_SELECTOR = YES;
				GCC_WARN_UNINITIALIZED_AUTOS = YES_AGGRESSIVE;
				GCC_WARN_UNUSED_FUNCTION = YES;
				GCC_WARN_UNUSED_VARIABLE = YES;
				IPHONEOS_DEPLOYMENT_TARGET = 10.3;
				MTL_ENABLE_DEBUG_INFO = YES;
				ONLY_ACTIVE_ARCH = YES;
				SDKROOT = iphoneos;
				SWIFT_ACTIVE_COMPILATION_CONDITIONS = DEBUG;
				SWIFT_OPTIMIZATION_LEVEL = "-Onone";
			};
			name = Debug;
		};
		F9817DCA1F4C701200C904EE /* Release */ = {
			isa = XCBuildConfiguration;
			buildSettings = {
				ALWAYS_SEARCH_USER_PATHS = NO;
				CLANG_ANALYZER_NONNULL = YES;
				CLANG_ANALYZER_NUMBER_OBJECT_CONVERSION = YES_AGGRESSIVE;
				CLANG_CXX_LANGUAGE_STANDARD = "gnu++0x";
				CLANG_CXX_LIBRARY = "libc++";
				CLANG_ENABLE_MODULES = YES;
				CLANG_ENABLE_OBJC_ARC = YES;
				CLANG_WARN_BOOL_CONVERSION = YES;
				CLANG_WARN_CONSTANT_CONVERSION = YES;
				CLANG_WARN_DIRECT_OBJC_ISA_USAGE = YES_ERROR;
				CLANG_WARN_DOCUMENTATION_COMMENTS = YES;
				CLANG_WARN_EMPTY_BODY = YES;
				CLANG_WARN_ENUM_CONVERSION = YES;
				CLANG_WARN_INFINITE_RECURSION = YES;
				CLANG_WARN_INT_CONVERSION = YES;
				CLANG_WARN_OBJC_ROOT_CLASS = YES_ERROR;
				CLANG_WARN_SUSPICIOUS_MOVE = YES;
				CLANG_WARN_UNREACHABLE_CODE = YES;
				CLANG_WARN__DUPLICATE_METHOD_MATCH = YES;
				"CODE_SIGN_IDENTITY[sdk=iphoneos*]" = "iPhone Developer";
				COPY_PHASE_STRIP = NO;
				DEBUG_INFORMATION_FORMAT = "dwarf-with-dsym";
				ENABLE_NS_ASSERTIONS = NO;
				ENABLE_STRICT_OBJC_MSGSEND = YES;
				GCC_C_LANGUAGE_STANDARD = gnu99;
				GCC_NO_COMMON_BLOCKS = YES;
				GCC_WARN_64_TO_32_BIT_CONVERSION = YES;
				GCC_WARN_ABOUT_RETURN_TYPE = YES_ERROR;
				GCC_WARN_UNDECLARED_SELECTOR = YES;
				GCC_WARN_UNINITIALIZED_AUTOS = YES_AGGRESSIVE;
				GCC_WARN_UNUSED_FUNCTION = YES;
				GCC_WARN_UNUSED_VARIABLE = YES;
				IPHONEOS_DEPLOYMENT_TARGET = 10.3;
				MTL_ENABLE_DEBUG_INFO = NO;
				SDKROOT = iphoneos;
				SWIFT_OPTIMIZATION_LEVEL = "-Owholemodule";
				VALIDATE_PRODUCT = YES;
			};
			name = Release;
		};
		F9817DCC1F4C701200C904EE /* Debug */ = {
			isa = XCBuildConfiguration;
			buildSettings = {
				ASSETCATALOG_COMPILER_APPICON_NAME = AppIcon;
				CLANG_ENABLE_MODULES = YES;
				DEVELOPMENT_TEAM = MF4M3CTG8F;
				INFOPLIST_FILE = Control/Info.plist;
				LD_RUNPATH_SEARCH_PATHS = "$(inherited) @executable_path/Frameworks";
				PRODUCT_BUNDLE_IDENTIFIER = Shingo.Control;
				PRODUCT_NAME = "$(TARGET_NAME)";
				SWIFT_OBJC_BRIDGING_HEADER = "Control-Bridging-Header.h";
				SWIFT_OPTIMIZATION_LEVEL = "-Onone";
				SWIFT_VERSION = 3.0;
			};
			name = Debug;
		};
		F9817DCD1F4C701200C904EE /* Release */ = {
			isa = XCBuildConfiguration;
			buildSettings = {
				ASSETCATALOG_COMPILER_APPICON_NAME = AppIcon;
				CLANG_ENABLE_MODULES = YES;
				DEVELOPMENT_TEAM = MF4M3CTG8F;
				INFOPLIST_FILE = Control/Info.plist;
				LD_RUNPATH_SEARCH_PATHS = "$(inherited) @executable_path/Frameworks";
				PRODUCT_BUNDLE_IDENTIFIER = Shingo.Control;
				PRODUCT_NAME = "$(TARGET_NAME)";
				SWIFT_OBJC_BRIDGING_HEADER = "Control-Bridging-Header.h";
				SWIFT_VERSION = 3.0;
			};
			name = Release;
		};
/* End XCBuildConfiguration section */

/* Begin XCConfigurationList section */
		F9817DB41F4C701200C904EE /* Build configuration list for PBXProject "Control" */ = {
			isa = XCConfigurationList;
			buildConfigurations = (
				F9817DC91F4C701200C904EE /* Debug */,
				F9817DCA1F4C701200C904EE /* Release */,
			);
			defaultConfigurationIsVisible = 0;
			defaultConfigurationName = Release;
		};
		F9817DCB1F4C701200C904EE /* Build configuration list for PBXNativeTarget "Control" */ = {
			isa = XCConfigurationList;
			buildConfigurations = (
				F9817DCC1F4C701200C904EE /* Debug */,
				F9817DCD1F4C701200C904EE /* Release */,
			);
			defaultConfigurationIsVisible = 0;
			defaultConfigurationName = Release;
		};
/* End XCConfigurationList section */
	};
	rootObject = F9817DB11F4C701200C904EE /* Project object */;
}
