// !$*UTF8*$!
{
	archiveVersion = 1;
	classes = {
	};
	objectVersion = 46;
	objects = {

/* Begin PBXBuildFile section */
		DB10B05B1FB9B66700321C27 /* MusicSearcherImplForCS.swift in Sources */ = {isa = PBXBuildFile; fileRef = DB10B05A1FB9B66700321C27 /* MusicSearcherImplForCS.swift */; };
		DB1DAF101F937058000F8450 /* Speaker.swift in Sources */ = {isa = PBXBuildFile; fileRef = DB1DAF0F1F937058000F8450 /* Speaker.swift */; };
		DB1DAF211F98E82A000F8450 /* ColorDisplay.swift in Sources */ = {isa = PBXBuildFile; fileRef = DB1DAF111F98E82A000F8450 /* ColorDisplay.swift */; };
		DB1DAF221F98E82A000F8450 /* ColorDisplayImpl.swift in Sources */ = {isa = PBXBuildFile; fileRef = DB1DAF121F98E82A000F8450 /* ColorDisplayImpl.swift */; };
		DB1DAF241F98E82A000F8450 /* CurrentLocatorImpl.swift in Sources */ = {isa = PBXBuildFile; fileRef = DB1DAF141F98E82A000F8450 /* CurrentLocatorImpl.swift */; };
		DB1DAF251F98E82A000F8450 /* Location.swift in Sources */ = {isa = PBXBuildFile; fileRef = DB1DAF151F98E82A000F8450 /* Location.swift */; };
		DB1DAF261F98E82A000F8450 /* SpeakerImpl.swift in Sources */ = {isa = PBXBuildFile; fileRef = DB1DAF161F98E82A000F8450 /* SpeakerImpl.swift */; };
		DB1DAF271F98E82A000F8450 /* VoiceDetector.swift in Sources */ = {isa = PBXBuildFile; fileRef = DB1DAF171F98E82A000F8450 /* VoiceDetector.swift */; };
		DB1DAF281F98E82A000F8450 /* VoiceDetectorImpl.swift in Sources */ = {isa = PBXBuildFile; fileRef = DB1DAF181F98E82A000F8450 /* VoiceDetectorImpl.swift */; };
		DB1DAF291F98E82A000F8450 /* VoiceOrderUseCase.swift in Sources */ = {isa = PBXBuildFile; fileRef = DB1DAF191F98E82A000F8450 /* VoiceOrderUseCase.swift */; };
		DB1DAF2B1F98E82A000F8450 /* VoiceRecognizer.swift in Sources */ = {isa = PBXBuildFile; fileRef = DB1DAF1B1F98E82A000F8450 /* VoiceRecognizer.swift */; };
		DB1DAF2C1F98E82A000F8450 /* VoiceRecognizerImpl.swift in Sources */ = {isa = PBXBuildFile; fileRef = DB1DAF1C1F98E82A000F8450 /* VoiceRecognizerImpl.swift */; };
		DB1DAF2D1F98E82A000F8450 /* Weather.swift in Sources */ = {isa = PBXBuildFile; fileRef = DB1DAF1D1F98E82A000F8450 /* Weather.swift */; };
		DB1DAF2E1F98E82A000F8450 /* WeatherInformUseCase.swift in Sources */ = {isa = PBXBuildFile; fileRef = DB1DAF1E1F98E82A000F8450 /* WeatherInformUseCase.swift */; };
		DB1DAF2F1F98E82A000F8450 /* WeatherProvider.swift in Sources */ = {isa = PBXBuildFile; fileRef = DB1DAF1F1F98E82A000F8450 /* WeatherProvider.swift */; };
		DB1DAF301F98E82A000F8450 /* WeatherProviderImpl.swift in Sources */ = {isa = PBXBuildFile; fileRef = DB1DAF201F98E82A000F8450 /* WeatherProviderImpl.swift */; };
		DB1DAF321F9C4AE0000F8450 /* Color.swift in Sources */ = {isa = PBXBuildFile; fileRef = DB1DAF311F9C4AE0000F8450 /* Color.swift */; };
		DB1DAF341F9C51EB000F8450 /* KeywordSearcher.swift in Sources */ = {isa = PBXBuildFile; fileRef = DB1DAF331F9C51EB000F8450 /* KeywordSearcher.swift */; };
		DB1DAF391F9C9712000F8450 /* MockVoiceDetector.swift in Sources */ = {isa = PBXBuildFile; fileRef = DB1DAF381F9C9712000F8450 /* MockVoiceDetector.swift */; };
		DB1DAF3B1F9C97A6000F8450 /* MockVoiceRecognizer.swift in Sources */ = {isa = PBXBuildFile; fileRef = DB1DAF3A1F9C97A6000F8450 /* MockVoiceRecognizer.swift */; };
		DB1DAF3D1F9C99B0000F8450 /* MockColorDisplay.swift in Sources */ = {isa = PBXBuildFile; fileRef = DB1DAF3C1F9C99B0000F8450 /* MockColorDisplay.swift */; };
		DB1DAF3F1F9C9AAC000F8450 /* MockCurrentLocator.swift in Sources */ = {isa = PBXBuildFile; fileRef = DB1DAF3E1F9C9AAC000F8450 /* MockCurrentLocator.swift */; };
		DB1DAF411F9C9C10000F8450 /* MockSpeaker.swift in Sources */ = {isa = PBXBuildFile; fileRef = DB1DAF401F9C9C10000F8450 /* MockSpeaker.swift */; };
		DB1DAF431F9C9C8D000F8450 /* MockWeatherProvider.swift in Sources */ = {isa = PBXBuildFile; fileRef = DB1DAF421F9C9C8D000F8450 /* MockWeatherProvider.swift */; };
		DB1DAF451F9CAA5A000F8450 /* Initializer.swift in Sources */ = {isa = PBXBuildFile; fileRef = DB1DAF441F9CAA5A000F8450 /* Initializer.swift */; };
		DB1DAF471F9F6191000F8450 /* MessageDisplayImpl.swift in Sources */ = {isa = PBXBuildFile; fileRef = DB1DAF461F9F6191000F8450 /* MessageDisplayImpl.swift */; };
		DB1DAF491F9F619A000F8450 /* MessageDisplay.swift in Sources */ = {isa = PBXBuildFile; fileRef = DB1DAF481F9F619A000F8450 /* MessageDisplay.swift */; };
		DB1DAF4C1FA43284000F8450 /* UseCaseController.swift in Sources */ = {isa = PBXBuildFile; fileRef = DB1DAF4B1FA43284000F8450 /* UseCaseController.swift */; };
		DB1DAF4E1FA46BD5000F8450 /* VoiceOrder.swift in Sources */ = {isa = PBXBuildFile; fileRef = DB1DAF4D1FA46BD5000F8450 /* VoiceOrder.swift */; };
		DB1DAF511FA56D16000F8450 /* CoreLocation.framework in Frameworks */ = {isa = PBXBuildFile; fileRef = DB1DAF501FA56D16000F8450 /* CoreLocation.framework */; };
		DB2F6AD81FAECDAB00FCCFDC /* MasterRecognizerImpl.swift in Sources */ = {isa = PBXBuildFile; fileRef = DB2F6AD71FAECDAB00FCCFDC /* MasterRecognizerImpl.swift */; };
		DB41213D1FAEB098001D97D2 /* RunnerImpl.swift in Sources */ = {isa = PBXBuildFile; fileRef = DB41213C1FAEB098001D97D2 /* RunnerImpl.swift */; };
		DB41213F1FAEB19C001D97D2 /* Motor.swift in Sources */ = {isa = PBXBuildFile; fileRef = DB41213E1FAEB19C001D97D2 /* Motor.swift */; };
		DBC3D0E91FB09A1B00E54670 /* JukeBoxUseCase.swift in Sources */ = {isa = PBXBuildFile; fileRef = DBC3D0E51FB09A1B00E54670 /* JukeBoxUseCase.swift */; };
		DBC3D0EA1FB09A1B00E54670 /* Music.swift in Sources */ = {isa = PBXBuildFile; fileRef = DBC3D0E61FB09A1B00E54670 /* Music.swift */; };
		DBC3D0EB1FB09A1B00E54670 /* MusicPlayer.swift in Sources */ = {isa = PBXBuildFile; fileRef = DBC3D0E71FB09A1B00E54670 /* MusicPlayer.swift */; };
		DBC3D0EC1FB09A1B00E54670 /* MusicSearcher.swift in Sources */ = {isa = PBXBuildFile; fileRef = DBC3D0E81FB09A1B00E54670 /* MusicSearcher.swift */; };
		DBC3D0EE1FB09F3200E54670 /* MockMusicSearcher.swift in Sources */ = {isa = PBXBuildFile; fileRef = DBC3D0ED1FB09F3200E54670 /* MockMusicSearcher.swift */; };
		DBC3D0F01FB0A03B00E54670 /* MockMusicPlayer.swift in Sources */ = {isa = PBXBuildFile; fileRef = DBC3D0EF1FB0A03B00E54670 /* MockMusicPlayer.swift */; };
		DBC3D0F21FB0AAC900E54670 /* MusicSearcherImpl.swift in Sources */ = {isa = PBXBuildFile; fileRef = DBC3D0F11FB0AAC900E54670 /* MusicSearcherImpl.swift */; };
		DBC3D0F41FB1E03700E54670 /* MusicPlayerImpl.swift in Sources */ = {isa = PBXBuildFile; fileRef = DBC3D0F31FB1E03700E54670 /* MusicPlayerImpl.swift */; };
		DBC3D0F81FB6D24A00E54670 /* BluetoothManager.swift in Sources */ = {isa = PBXBuildFile; fileRef = DBC3D0F71FB6D24A00E54670 /* BluetoothManager.swift */; };
		DBD944F01FABD42A0040CA49 /* CurrentLocator.swift in Sources */ = {isa = PBXBuildFile; fileRef = DBD944EF1FABD42A0040CA49 /* CurrentLocator.swift */; };
		DBD944F81FABD44E0040CA49 /* Follower.swift in Sources */ = {isa = PBXBuildFile; fileRef = DBD944F11FABD44E0040CA49 /* Follower.swift */; };
		DBD944F91FABD44E0040CA49 /* FollowMasterUseCase.swift in Sources */ = {isa = PBXBuildFile; fileRef = DBD944F21FABD44E0040CA49 /* FollowMasterUseCase.swift */; };
		DBD944FA1FABD44E0040CA49 /* MasterRecognizer.swift in Sources */ = {isa = PBXBuildFile; fileRef = DBD944F31FABD44E0040CA49 /* MasterRecognizer.swift */; };
		DBD944FB1FABD44E0040CA49 /* MockMasterRecognizer.swift in Sources */ = {isa = PBXBuildFile; fileRef = DBD944F41FABD44E0040CA49 /* MockMasterRecognizer.swift */; };
		DBD944FC1FABD44E0040CA49 /* MockRunner.swift in Sources */ = {isa = PBXBuildFile; fileRef = DBD944F51FABD44E0040CA49 /* MockRunner.swift */; };
		DBD944FD1FABD44E0040CA49 /* Position.swift in Sources */ = {isa = PBXBuildFile; fileRef = DBD944F61FABD44E0040CA49 /* Position.swift */; };
		DBD944FE1FABD44E0040CA49 /* Runner.swift in Sources */ = {isa = PBXBuildFile; fileRef = DBD944F71FABD44E0040CA49 /* Runner.swift */; };
		F916E6DD1FB86BE200965626 /* objcpp.mm in Sources */ = {isa = PBXBuildFile; fileRef = F916E6DB1FB86BE200965626 /* objcpp.mm */; };
		F916E6E31FB86C1100965626 /* DetectMan-2.cpp in Sources */ = {isa = PBXBuildFile; fileRef = F916E6E01FB86C1100965626 /* DetectMan-2.cpp */; };
		F916E6E61FB86C3700965626 /* opencv2.framework in Frameworks */ = {isa = PBXBuildFile; fileRef = F916E6E51FB86C3700965626 /* opencv2.framework */; };
		F98954E41F21315200B24DC0 /* AppDelegate.swift in Sources */ = {isa = PBXBuildFile; fileRef = F98954E31F21315200B24DC0 /* AppDelegate.swift */; };
		F98954E61F21315200B24DC0 /* ViewController.swift in Sources */ = {isa = PBXBuildFile; fileRef = F98954E51F21315200B24DC0 /* ViewController.swift */; };
		F98954E91F21315200B24DC0 /* Main.storyboard in Resources */ = {isa = PBXBuildFile; fileRef = F98954E71F21315200B24DC0 /* Main.storyboard */; };
		F98954EB1F21315200B24DC0 /* Assets.xcassets in Resources */ = {isa = PBXBuildFile; fileRef = F98954EA1F21315200B24DC0 /* Assets.xcassets */; };
		F98954EE1F21315200B24DC0 /* LaunchScreen.storyboard in Resources */ = {isa = PBXBuildFile; fileRef = F98954EC1F21315200B24DC0 /* LaunchScreen.storyboard */; };
/* End PBXBuildFile section */

/* Begin PBXFileReference section */
		DB10B05A1FB9B66700321C27 /* MusicSearcherImplForCS.swift */ = {isa = PBXFileReference; fileEncoding = 4; lastKnownFileType = sourcecode.swift; path = MusicSearcherImplForCS.swift; sourceTree = "<group>"; };
		DB1DAF0F1F937058000F8450 /* Speaker.swift */ = {isa = PBXFileReference; fileEncoding = 4; lastKnownFileType = sourcecode.swift; path = Speaker.swift; sourceTree = "<group>"; };
		DB1DAF111F98E82A000F8450 /* ColorDisplay.swift */ = {isa = PBXFileReference; fileEncoding = 4; lastKnownFileType = sourcecode.swift; path = ColorDisplay.swift; sourceTree = "<group>"; };
		DB1DAF121F98E82A000F8450 /* ColorDisplayImpl.swift */ = {isa = PBXFileReference; fileEncoding = 4; lastKnownFileType = sourcecode.swift; path = ColorDisplayImpl.swift; sourceTree = "<group>"; };
		DB1DAF141F98E82A000F8450 /* CurrentLocatorImpl.swift */ = {isa = PBXFileReference; fileEncoding = 4; lastKnownFileType = sourcecode.swift; path = CurrentLocatorImpl.swift; sourceTree = "<group>"; };
		DB1DAF151F98E82A000F8450 /* Location.swift */ = {isa = PBXFileReference; fileEncoding = 4; lastKnownFileType = sourcecode.swift; path = Location.swift; sourceTree = "<group>"; };
		DB1DAF161F98E82A000F8450 /* SpeakerImpl.swift */ = {isa = PBXFileReference; fileEncoding = 4; lastKnownFileType = sourcecode.swift; path = SpeakerImpl.swift; sourceTree = "<group>"; };
		DB1DAF171F98E82A000F8450 /* VoiceDetector.swift */ = {isa = PBXFileReference; fileEncoding = 4; lastKnownFileType = sourcecode.swift; path = VoiceDetector.swift; sourceTree = "<group>"; };
		DB1DAF181F98E82A000F8450 /* VoiceDetectorImpl.swift */ = {isa = PBXFileReference; fileEncoding = 4; lastKnownFileType = sourcecode.swift; path = VoiceDetectorImpl.swift; sourceTree = "<group>"; };
		DB1DAF191F98E82A000F8450 /* VoiceOrderUseCase.swift */ = {isa = PBXFileReference; fileEncoding = 4; lastKnownFileType = sourcecode.swift; path = VoiceOrderUseCase.swift; sourceTree = "<group>"; };
		DB1DAF1B1F98E82A000F8450 /* VoiceRecognizer.swift */ = {isa = PBXFileReference; fileEncoding = 4; lastKnownFileType = sourcecode.swift; path = VoiceRecognizer.swift; sourceTree = "<group>"; };
		DB1DAF1C1F98E82A000F8450 /* VoiceRecognizerImpl.swift */ = {isa = PBXFileReference; fileEncoding = 4; lastKnownFileType = sourcecode.swift; path = VoiceRecognizerImpl.swift; sourceTree = "<group>"; };
		DB1DAF1D1F98E82A000F8450 /* Weather.swift */ = {isa = PBXFileReference; fileEncoding = 4; lastKnownFileType = sourcecode.swift; path = Weather.swift; sourceTree = "<group>"; };
		DB1DAF1E1F98E82A000F8450 /* WeatherInformUseCase.swift */ = {isa = PBXFileReference; fileEncoding = 4; lastKnownFileType = sourcecode.swift; path = WeatherInformUseCase.swift; sourceTree = "<group>"; };
		DB1DAF1F1F98E82A000F8450 /* WeatherProvider.swift */ = {isa = PBXFileReference; fileEncoding = 4; lastKnownFileType = sourcecode.swift; path = WeatherProvider.swift; sourceTree = "<group>"; };
		DB1DAF201F98E82A000F8450 /* WeatherProviderImpl.swift */ = {isa = PBXFileReference; fileEncoding = 4; lastKnownFileType = sourcecode.swift; path = WeatherProviderImpl.swift; sourceTree = "<group>"; };
		DB1DAF311F9C4AE0000F8450 /* Color.swift */ = {isa = PBXFileReference; fileEncoding = 4; lastKnownFileType = sourcecode.swift; path = Color.swift; sourceTree = "<group>"; };
		DB1DAF331F9C51EB000F8450 /* KeywordSearcher.swift */ = {isa = PBXFileReference; fileEncoding = 4; lastKnownFileType = sourcecode.swift; path = KeywordSearcher.swift; sourceTree = "<group>"; };
		DB1DAF381F9C9712000F8450 /* MockVoiceDetector.swift */ = {isa = PBXFileReference; fileEncoding = 4; lastKnownFileType = sourcecode.swift; path = MockVoiceDetector.swift; sourceTree = "<group>"; };
		DB1DAF3A1F9C97A6000F8450 /* MockVoiceRecognizer.swift */ = {isa = PBXFileReference; fileEncoding = 4; lastKnownFileType = sourcecode.swift; path = MockVoiceRecognizer.swift; sourceTree = "<group>"; };
		DB1DAF3C1F9C99B0000F8450 /* MockColorDisplay.swift */ = {isa = PBXFileReference; fileEncoding = 4; lastKnownFileType = sourcecode.swift; path = MockColorDisplay.swift; sourceTree = "<group>"; };
		DB1DAF3E1F9C9AAC000F8450 /* MockCurrentLocator.swift */ = {isa = PBXFileReference; fileEncoding = 4; lastKnownFileType = sourcecode.swift; path = MockCurrentLocator.swift; sourceTree = "<group>"; };
		DB1DAF401F9C9C10000F8450 /* MockSpeaker.swift */ = {isa = PBXFileReference; fileEncoding = 4; lastKnownFileType = sourcecode.swift; path = MockSpeaker.swift; sourceTree = "<group>"; };
		DB1DAF421F9C9C8D000F8450 /* MockWeatherProvider.swift */ = {isa = PBXFileReference; fileEncoding = 4; lastKnownFileType = sourcecode.swift; path = MockWeatherProvider.swift; sourceTree = "<group>"; };
		DB1DAF441F9CAA5A000F8450 /* Initializer.swift */ = {isa = PBXFileReference; fileEncoding = 4; lastKnownFileType = sourcecode.swift; path = Initializer.swift; sourceTree = "<group>"; };
		DB1DAF461F9F6191000F8450 /* MessageDisplayImpl.swift */ = {isa = PBXFileReference; fileEncoding = 4; lastKnownFileType = sourcecode.swift; path = MessageDisplayImpl.swift; sourceTree = "<group>"; };
		DB1DAF481F9F619A000F8450 /* MessageDisplay.swift */ = {isa = PBXFileReference; fileEncoding = 4; lastKnownFileType = sourcecode.swift; path = MessageDisplay.swift; sourceTree = "<group>"; };
		DB1DAF4B1FA43284000F8450 /* UseCaseController.swift */ = {isa = PBXFileReference; fileEncoding = 4; lastKnownFileType = sourcecode.swift; path = UseCaseController.swift; sourceTree = "<group>"; };
		DB1DAF4D1FA46BD5000F8450 /* VoiceOrder.swift */ = {isa = PBXFileReference; fileEncoding = 4; lastKnownFileType = sourcecode.swift; path = VoiceOrder.swift; sourceTree = "<group>"; };
		DB1DAF501FA56D16000F8450 /* CoreLocation.framework */ = {isa = PBXFileReference; lastKnownFileType = wrapper.framework; name = CoreLocation.framework; path = System/Library/Frameworks/CoreLocation.framework; sourceTree = SDKROOT; };
		DB2F6AD71FAECDAB00FCCFDC /* MasterRecognizerImpl.swift */ = {isa = PBXFileReference; fileEncoding = 4; lastKnownFileType = sourcecode.swift; path = MasterRecognizerImpl.swift; sourceTree = "<group>"; };
		DB41213C1FAEB098001D97D2 /* RunnerImpl.swift */ = {isa = PBXFileReference; fileEncoding = 4; lastKnownFileType = sourcecode.swift; path = RunnerImpl.swift; sourceTree = "<group>"; };
		DB41213E1FAEB19C001D97D2 /* Motor.swift */ = {isa = PBXFileReference; fileEncoding = 4; lastKnownFileType = sourcecode.swift; path = Motor.swift; sourceTree = "<group>"; };
		DBC3D0E51FB09A1B00E54670 /* JukeBoxUseCase.swift */ = {isa = PBXFileReference; fileEncoding = 4; lastKnownFileType = sourcecode.swift; path = JukeBoxUseCase.swift; sourceTree = "<group>"; };
		DBC3D0E61FB09A1B00E54670 /* Music.swift */ = {isa = PBXFileReference; fileEncoding = 4; lastKnownFileType = sourcecode.swift; path = Music.swift; sourceTree = "<group>"; };
		DBC3D0E71FB09A1B00E54670 /* MusicPlayer.swift */ = {isa = PBXFileReference; fileEncoding = 4; lastKnownFileType = sourcecode.swift; path = MusicPlayer.swift; sourceTree = "<group>"; };
		DBC3D0E81FB09A1B00E54670 /* MusicSearcher.swift */ = {isa = PBXFileReference; fileEncoding = 4; lastKnownFileType = sourcecode.swift; path = MusicSearcher.swift; sourceTree = "<group>"; };
		DBC3D0ED1FB09F3200E54670 /* MockMusicSearcher.swift */ = {isa = PBXFileReference; fileEncoding = 4; lastKnownFileType = sourcecode.swift; path = MockMusicSearcher.swift; sourceTree = "<group>"; };
		DBC3D0EF1FB0A03B00E54670 /* MockMusicPlayer.swift */ = {isa = PBXFileReference; fileEncoding = 4; lastKnownFileType = sourcecode.swift; path = MockMusicPlayer.swift; sourceTree = "<group>"; };
		DBC3D0F11FB0AAC900E54670 /* MusicSearcherImpl.swift */ = {isa = PBXFileReference; fileEncoding = 4; lastKnownFileType = sourcecode.swift; path = MusicSearcherImpl.swift; sourceTree = "<group>"; };
		DBC3D0F31FB1E03700E54670 /* MusicPlayerImpl.swift */ = {isa = PBXFileReference; fileEncoding = 4; lastKnownFileType = sourcecode.swift; path = MusicPlayerImpl.swift; sourceTree = "<group>"; };
		DBC3D0F71FB6D24A00E54670 /* BluetoothManager.swift */ = {isa = PBXFileReference; fileEncoding = 4; lastKnownFileType = sourcecode.swift; path = BluetoothManager.swift; sourceTree = "<group>"; };
		DBD944EF1FABD42A0040CA49 /* CurrentLocator.swift */ = {isa = PBXFileReference; fileEncoding = 4; lastKnownFileType = sourcecode.swift; path = CurrentLocator.swift; sourceTree = "<group>"; };
		DBD944F11FABD44E0040CA49 /* Follower.swift */ = {isa = PBXFileReference; fileEncoding = 4; lastKnownFileType = sourcecode.swift; path = Follower.swift; sourceTree = "<group>"; };
		DBD944F21FABD44E0040CA49 /* FollowMasterUseCase.swift */ = {isa = PBXFileReference; fileEncoding = 4; lastKnownFileType = sourcecode.swift; path = FollowMasterUseCase.swift; sourceTree = "<group>"; };
		DBD944F31FABD44E0040CA49 /* MasterRecognizer.swift */ = {isa = PBXFileReference; fileEncoding = 4; lastKnownFileType = sourcecode.swift; path = MasterRecognizer.swift; sourceTree = "<group>"; };
		DBD944F41FABD44E0040CA49 /* MockMasterRecognizer.swift */ = {isa = PBXFileReference; fileEncoding = 4; lastKnownFileType = sourcecode.swift; path = MockMasterRecognizer.swift; sourceTree = "<group>"; };
		DBD944F51FABD44E0040CA49 /* MockRunner.swift */ = {isa = PBXFileReference; fileEncoding = 4; lastKnownFileType = sourcecode.swift; path = MockRunner.swift; sourceTree = "<group>"; };
		DBD944F61FABD44E0040CA49 /* Position.swift */ = {isa = PBXFileReference; fileEncoding = 4; lastKnownFileType = sourcecode.swift; path = Position.swift; sourceTree = "<group>"; };
		DBD944F71FABD44E0040CA49 /* Runner.swift */ = {isa = PBXFileReference; fileEncoding = 4; lastKnownFileType = sourcecode.swift; path = Runner.swift; sourceTree = "<group>"; };
		F916E6DA1FB86BE100965626 /* Peer-Bridging-Header.h */ = {isa = PBXFileReference; lastKnownFileType = sourcecode.c.h; path = "Peer-Bridging-Header.h"; sourceTree = "<group>"; };
		F916E6DB1FB86BE200965626 /* objcpp.mm */ = {isa = PBXFileReference; fileEncoding = 4; lastKnownFileType = sourcecode.cpp.objcpp; name = objcpp.mm; path = objc/objcpp.mm; sourceTree = SOURCE_ROOT; };
		F916E6DC1FB86BE200965626 /* Header.h */ = {isa = PBXFileReference; fileEncoding = 4; lastKnownFileType = sourcecode.c.h; name = Header.h; path = objc/Header.h; sourceTree = SOURCE_ROOT; };
		F916E6DF1FB86C1100965626 /* cpp.hpp */ = {isa = PBXFileReference; fileEncoding = 4; lastKnownFileType = sourcecode.cpp.h; name = cpp.hpp; path = cpp/cpp.hpp; sourceTree = SOURCE_ROOT; };
		F916E6E01FB86C1100965626 /* DetectMan-2.cpp */ = {isa = PBXFileReference; fileEncoding = 4; lastKnownFileType = sourcecode.cpp.cpp; name = "DetectMan-2.cpp"; path = "cpp/DetectMan-2.cpp"; sourceTree = SOURCE_ROOT; };
		F916E6E11FB86C1100965626 /* c++Test-Bridging-Header.h */ = {isa = PBXFileReference; fileEncoding = 4; lastKnownFileType = sourcecode.c.h; name = "c++Test-Bridging-Header.h"; path = "New Group1/c++Test-Bridging-Header.h"; sourceTree = SOURCE_ROOT; };
		F916E6E51FB86C3700965626 /* opencv2.framework */ = {isa = PBXFileReference; lastKnownFileType = wrapper.framework; path = opencv2.framework; sourceTree = "<group>"; };
		F98954E01F21315200B24DC0 /* Peer.app */ = {isa = PBXFileReference; explicitFileType = wrapper.application; includeInIndex = 0; path = Peer.app; sourceTree = BUILT_PRODUCTS_DIR; };
		F98954E31F21315200B24DC0 /* AppDelegate.swift */ = {isa = PBXFileReference; lastKnownFileType = sourcecode.swift; path = AppDelegate.swift; sourceTree = "<group>"; };
		F98954E51F21315200B24DC0 /* ViewController.swift */ = {isa = PBXFileReference; lastKnownFileType = sourcecode.swift; path = ViewController.swift; sourceTree = "<group>"; };
		F98954E81F21315200B24DC0 /* Base */ = {isa = PBXFileReference; lastKnownFileType = file.storyboard; name = Base; path = Base.lproj/Main.storyboard; sourceTree = "<group>"; };
		F98954EA1F21315200B24DC0 /* Assets.xcassets */ = {isa = PBXFileReference; lastKnownFileType = folder.assetcatalog; path = Assets.xcassets; sourceTree = "<group>"; };
		F98954ED1F21315200B24DC0 /* Base */ = {isa = PBXFileReference; lastKnownFileType = file.storyboard; name = Base; path = Base.lproj/LaunchScreen.storyboard; sourceTree = "<group>"; };
		F98954EF1F21315200B24DC0 /* Info.plist */ = {isa = PBXFileReference; lastKnownFileType = text.plist.xml; path = Info.plist; sourceTree = "<group>"; };
/* End PBXFileReference section */

/* Begin PBXFrameworksBuildPhase section */
		F98954DD1F21315200B24DC0 /* Frameworks */ = {
			isa = PBXFrameworksBuildPhase;
			buildActionMask = 2147483647;
			files = (
				F916E6E61FB86C3700965626 /* opencv2.framework in Frameworks */,
				DB1DAF511FA56D16000F8450 /* CoreLocation.framework in Frameworks */,
			);
			runOnlyForDeploymentPostprocessing = 0;
		};
/* End PBXFrameworksBuildPhase section */

/* Begin PBXGroup section */
		DB1DAF351F9C93F1000F8450 /* interface */ = {
			isa = PBXGroup;
			children = (
				DB10B05A1FB9B66700321C27 /* MusicSearcherImplForCS.swift */,
				DBC3D0F71FB6D24A00E54670 /* BluetoothManager.swift */,
				DB1DAF121F98E82A000F8450 /* ColorDisplayImpl.swift */,
				DB1DAF141F98E82A000F8450 /* CurrentLocatorImpl.swift */,
				DB2F6AD71FAECDAB00FCCFDC /* MasterRecognizerImpl.swift */,
				DB1DAF461F9F6191000F8450 /* MessageDisplayImpl.swift */,
				DB41213E1FAEB19C001D97D2 /* Motor.swift */,
				DBC3D0F31FB1E03700E54670 /* MusicPlayerImpl.swift */,
				DBC3D0F11FB0AAC900E54670 /* MusicSearcherImpl.swift */,
				DB1DAF161F98E82A000F8450 /* SpeakerImpl.swift */,
				DB1DAF4B1FA43284000F8450 /* UseCaseController.swift */,
				DB1DAF181F98E82A000F8450 /* VoiceDetectorImpl.swift */,
				DB1DAF1C1F98E82A000F8450 /* VoiceRecognizerImpl.swift */,
				DB1DAF201F98E82A000F8450 /* WeatherProviderImpl.swift */,
				DB41213C1FAEB098001D97D2 /* RunnerImpl.swift */,
			);
			name = interface;
			sourceTree = "<group>";
		};
		DB1DAF361F9C9472000F8450 /* domain */ = {
			isa = PBXGroup;
			children = (
				DB1DAF311F9C4AE0000F8450 /* Color.swift */,
				DB1DAF111F98E82A000F8450 /* ColorDisplay.swift */,
				DBD944EF1FABD42A0040CA49 /* CurrentLocator.swift */,
				DBD944F11FABD44E0040CA49 /* Follower.swift */,
				DBD944F21FABD44E0040CA49 /* FollowMasterUseCase.swift */,
				DBC3D0E51FB09A1B00E54670 /* JukeBoxUseCase.swift */,
				DB1DAF331F9C51EB000F8450 /* KeywordSearcher.swift */,
				DB1DAF151F98E82A000F8450 /* Location.swift */,
				DBD944F31FABD44E0040CA49 /* MasterRecognizer.swift */,
				DB1DAF481F9F619A000F8450 /* MessageDisplay.swift */,
				DBC3D0E61FB09A1B00E54670 /* Music.swift */,
				DBC3D0E71FB09A1B00E54670 /* MusicPlayer.swift */,
				DBC3D0E81FB09A1B00E54670 /* MusicSearcher.swift */,
				DBD944F61FABD44E0040CA49 /* Position.swift */,
				DBD944F71FABD44E0040CA49 /* Runner.swift */,
				DB1DAF0F1F937058000F8450 /* Speaker.swift */,
				DB1DAF171F98E82A000F8450 /* VoiceDetector.swift */,
				DB1DAF191F98E82A000F8450 /* VoiceOrderUseCase.swift */,
				DB1DAF4D1FA46BD5000F8450 /* VoiceOrder.swift */,
				DB1DAF1B1F98E82A000F8450 /* VoiceRecognizer.swift */,
				DB1DAF1D1F98E82A000F8450 /* Weather.swift */,
				DB1DAF1E1F98E82A000F8450 /* WeatherInformUseCase.swift */,
				DB1DAF1F1F98E82A000F8450 /* WeatherProvider.swift */,
			);
			name = domain;
			sourceTree = "<group>";
		};
		DB1DAF371F9C969D000F8450 /* test */ = {
			isa = PBXGroup;
			children = (
				DB1DAF3C1F9C99B0000F8450 /* MockColorDisplay.swift */,
				DB1DAF3E1F9C9AAC000F8450 /* MockCurrentLocator.swift */,
				DBD944F41FABD44E0040CA49 /* MockMasterRecognizer.swift */,
				DBC3D0EF1FB0A03B00E54670 /* MockMusicPlayer.swift */,
				DBC3D0ED1FB09F3200E54670 /* MockMusicSearcher.swift */,
				DBD944F51FABD44E0040CA49 /* MockRunner.swift */,
				DB1DAF401F9C9C10000F8450 /* MockSpeaker.swift */,
				DB1DAF381F9C9712000F8450 /* MockVoiceDetector.swift */,
				DB1DAF3A1F9C97A6000F8450 /* MockVoiceRecognizer.swift */,
				DB1DAF421F9C9C8D000F8450 /* MockWeatherProvider.swift */,
			);
			name = test;
			sourceTree = "<group>";
		};
		DB1DAF4A1F9F7BAA000F8450 /* view */ = {
			isa = PBXGroup;
			children = (
				F98954E31F21315200B24DC0 /* AppDelegate.swift */,
				F98954E51F21315200B24DC0 /* ViewController.swift */,
			);
			name = view;
			sourceTree = "<group>";
		};
		DB1DAF4F1FA56D16000F8450 /* Frameworks */ = {
			isa = PBXGroup;
			children = (
				F916E6E51FB86C3700965626 /* opencv2.framework */,
				DB1DAF501FA56D16000F8450 /* CoreLocation.framework */,
			);
			name = Frameworks;
			sourceTree = "<group>";
		};
		F916E6D91FB86BA300965626 /* objc */ = {
			isa = PBXGroup;
			children = (
				F916E6DC1FB86BE200965626 /* Header.h */,
				F916E6DB1FB86BE200965626 /* objcpp.mm */,
				F916E6DA1FB86BE100965626 /* Peer-Bridging-Header.h */,
			);
			name = objc;
			path = "New Group";
			sourceTree = "<group>";
		};
		F916E6DE1FB86BF300965626 /* cpp */ = {
			isa = PBXGroup;
			children = (
				F916E6E11FB86C1100965626 /* c++Test-Bridging-Header.h */,
				F916E6DF1FB86C1100965626 /* cpp.hpp */,
				F916E6E01FB86C1100965626 /* DetectMan-2.cpp */,
			);
			name = cpp;
			path = "New Group1";
			sourceTree = "<group>";
		};
		F98954D71F21315200B24DC0 = {
			isa = PBXGroup;
			children = (
				F916E6DE1FB86BF300965626 /* cpp */,
				F916E6D91FB86BA300965626 /* objc */,
				F98954E21F21315200B24DC0 /* Peer */,
				F98954E11F21315200B24DC0 /* Products */,
				DB1DAF4F1FA56D16000F8450 /* Frameworks */,
			);
			sourceTree = "<group>";
		};
		F98954E11F21315200B24DC0 /* Products */ = {
			isa = PBXGroup;
			children = (
				F98954E01F21315200B24DC0 /* Peer.app */,
			);
			name = Products;
			sourceTree = "<group>";
		};
		F98954E21F21315200B24DC0 /* Peer */ = {
			isa = PBXGroup;
			children = (
				DB1DAF441F9CAA5A000F8450 /* Initializer.swift */,
				DB1DAF4A1F9F7BAA000F8450 /* view */,
				DB1DAF351F9C93F1000F8450 /* interface */,
				DB1DAF361F9C9472000F8450 /* domain */,
				DB1DAF371F9C969D000F8450 /* test */,
				F98954E71F21315200B24DC0 /* Main.storyboard */,
				F98954EA1F21315200B24DC0 /* Assets.xcassets */,
				F98954EC1F21315200B24DC0 /* LaunchScreen.storyboard */,
				F98954EF1F21315200B24DC0 /* Info.plist */,
			);
			path = Peer;
			sourceTree = "<group>";
		};
/* End PBXGroup section */

/* Begin PBXNativeTarget section */
		F98954DF1F21315200B24DC0 /* Peer */ = {
			isa = PBXNativeTarget;
			buildConfigurationList = F98954F21F21315200B24DC0 /* Build configuration list for PBXNativeTarget "Peer" */;
			buildPhases = (
				F98954DC1F21315200B24DC0 /* Sources */,
				F98954DD1F21315200B24DC0 /* Frameworks */,
				F98954DE1F21315200B24DC0 /* Resources */,
			);
			buildRules = (
			);
			dependencies = (
			);
			name = Peer;
			productName = Peer;
			productReference = F98954E01F21315200B24DC0 /* Peer.app */;
			productType = "com.apple.product-type.application";
		};
/* End PBXNativeTarget section */

/* Begin PBXProject section */
		F98954D81F21315200B24DC0 /* Project object */ = {
			isa = PBXProject;
			attributes = {
				LastSwiftUpdateCheck = 0830;
				LastUpgradeCheck = 0830;
				ORGANIZATIONNAME = Shingo;
				TargetAttributes = {
					F98954DF1F21315200B24DC0 = {
						CreatedOnToolsVersion = 8.3.3;
						DevelopmentTeam = WB7NGK438F;
						LastSwiftMigration = 0910;
						ProvisioningStyle = Automatic;
					};
				};
			};
			buildConfigurationList = F98954DB1F21315200B24DC0 /* Build configuration list for PBXProject "Peer" */;
			compatibilityVersion = "Xcode 3.2";
			developmentRegion = English;
			hasScannedForEncodings = 0;
			knownRegions = (
				en,
				Base,
			);
			mainGroup = F98954D71F21315200B24DC0;
			productRefGroup = F98954E11F21315200B24DC0 /* Products */;
			projectDirPath = "";
			projectRoot = "";
			targets = (
				F98954DF1F21315200B24DC0 /* Peer */,
			);
		};
/* End PBXProject section */

/* Begin PBXResourcesBuildPhase section */
		F98954DE1F21315200B24DC0 /* Resources */ = {
			isa = PBXResourcesBuildPhase;
			buildActionMask = 2147483647;
			files = (
				F98954EE1F21315200B24DC0 /* LaunchScreen.storyboard in Resources */,
				F98954EB1F21315200B24DC0 /* Assets.xcassets in Resources */,
				F98954E91F21315200B24DC0 /* Main.storyboard in Resources */,
			);
			runOnlyForDeploymentPostprocessing = 0;
		};
/* End PBXResourcesBuildPhase section */

/* Begin PBXSourcesBuildPhase section */
		F98954DC1F21315200B24DC0 /* Sources */ = {
			isa = PBXSourcesBuildPhase;
			buildActionMask = 2147483647;
			files = (
				F916E6E31FB86C1100965626 /* DetectMan-2.cpp in Sources */,
				DBC3D0EE1FB09F3200E54670 /* MockMusicSearcher.swift in Sources */,
				DBC3D0EA1FB09A1B00E54670 /* Music.swift in Sources */,
				DB1DAF391F9C9712000F8450 /* MockVoiceDetector.swift in Sources */,
				DB2F6AD81FAECDAB00FCCFDC /* MasterRecognizerImpl.swift in Sources */,
				DBD944FE1FABD44E0040CA49 /* Runner.swift in Sources */,
				DBD944F91FABD44E0040CA49 /* FollowMasterUseCase.swift in Sources */,
				DB1DAF101F937058000F8450 /* Speaker.swift in Sources */,
				DB1DAF341F9C51EB000F8450 /* KeywordSearcher.swift in Sources */,
				DB1DAF3B1F9C97A6000F8450 /* MockVoiceRecognizer.swift in Sources */,
				DBC3D0F41FB1E03700E54670 /* MusicPlayerImpl.swift in Sources */,
				DB1DAF251F98E82A000F8450 /* Location.swift in Sources */,
				DB41213F1FAEB19C001D97D2 /* Motor.swift in Sources */,
				DB1DAF491F9F619A000F8450 /* MessageDisplay.swift in Sources */,
				DBC3D0E91FB09A1B00E54670 /* JukeBoxUseCase.swift in Sources */,
				DBC3D0F81FB6D24A00E54670 /* BluetoothManager.swift in Sources */,
				F98954E61F21315200B24DC0 /* ViewController.swift in Sources */,
				DB1DAF451F9CAA5A000F8450 /* Initializer.swift in Sources */,
				DB1DAF4E1FA46BD5000F8450 /* VoiceOrder.swift in Sources */,
				DB1DAF281F98E82A000F8450 /* VoiceDetectorImpl.swift in Sources */,
				DBD944FA1FABD44E0040CA49 /* MasterRecognizer.swift in Sources */,
				DBC3D0F21FB0AAC900E54670 /* MusicSearcherImpl.swift in Sources */,
				DB1DAF291F98E82A000F8450 /* VoiceOrderUseCase.swift in Sources */,
				F916E6DD1FB86BE200965626 /* objcpp.mm in Sources */,
				DB1DAF211F98E82A000F8450 /* ColorDisplay.swift in Sources */,
				DB1DAF2E1F98E82A000F8450 /* WeatherInformUseCase.swift in Sources */,
				DBD944FB1FABD44E0040CA49 /* MockMasterRecognizer.swift in Sources */,
				DB1DAF2D1F98E82A000F8450 /* Weather.swift in Sources */,
				DBC3D0EB1FB09A1B00E54670 /* MusicPlayer.swift in Sources */,
				DBD944FD1FABD44E0040CA49 /* Position.swift in Sources */,
				DB10B05B1FB9B66700321C27 /* MusicSearcherImplForCS.swift in Sources */,
				DB1DAF411F9C9C10000F8450 /* MockSpeaker.swift in Sources */,
				F98954E41F21315200B24DC0 /* AppDelegate.swift in Sources */,
				DB1DAF431F9C9C8D000F8450 /* MockWeatherProvider.swift in Sources */,
				DB1DAF2C1F98E82A000F8450 /* VoiceRecognizerImpl.swift in Sources */,
				DBD944F01FABD42A0040CA49 /* CurrentLocator.swift in Sources */,
				DBD944F81FABD44E0040CA49 /* Follower.swift in Sources */,
				DB1DAF241F98E82A000F8450 /* CurrentLocatorImpl.swift in Sources */,
				DB1DAF4C1FA43284000F8450 /* UseCaseController.swift in Sources */,
				DB1DAF3D1F9C99B0000F8450 /* MockColorDisplay.swift in Sources */,
				DB1DAF321F9C4AE0000F8450 /* Color.swift in Sources */,
				DB1DAF2F1F98E82A000F8450 /* WeatherProvider.swift in Sources */,
				DB1DAF2B1F98E82A000F8450 /* VoiceRecognizer.swift in Sources */,
				DB1DAF261F98E82A000F8450 /* SpeakerImpl.swift in Sources */,
				DB1DAF471F9F6191000F8450 /* MessageDisplayImpl.swift in Sources */,
				DBC3D0F01FB0A03B00E54670 /* MockMusicPlayer.swift in Sources */,
				DB1DAF271F98E82A000F8450 /* VoiceDetector.swift in Sources */,
				DB41213D1FAEB098001D97D2 /* RunnerImpl.swift in Sources */,
				DB1DAF3F1F9C9AAC000F8450 /* MockCurrentLocator.swift in Sources */,
				DB1DAF301F98E82A000F8450 /* WeatherProviderImpl.swift in Sources */,
				DBC3D0EC1FB09A1B00E54670 /* MusicSearcher.swift in Sources */,
				DB1DAF221F98E82A000F8450 /* ColorDisplayImpl.swift in Sources */,
				DBD944FC1FABD44E0040CA49 /* MockRunner.swift in Sources */,
			);
			runOnlyForDeploymentPostprocessing = 0;
		};
/* End PBXSourcesBuildPhase section */

/* Begin PBXVariantGroup section */
		F98954E71F21315200B24DC0 /* Main.storyboard */ = {
			isa = PBXVariantGroup;
			children = (
				F98954E81F21315200B24DC0 /* Base */,
			);
			name = Main.storyboard;
			sourceTree = "<group>";
		};
		F98954EC1F21315200B24DC0 /* LaunchScreen.storyboard */ = {
			isa = PBXVariantGroup;
			children = (
				F98954ED1F21315200B24DC0 /* Base */,
			);
			name = LaunchScreen.storyboard;
			sourceTree = "<group>";
		};
/* End PBXVariantGroup section */

/* Begin XCBuildConfiguration section */
		F98954F01F21315200B24DC0 /* Debug */ = {
			isa = XCBuildConfiguration;
			buildSettings = {
				ALWAYS_SEARCH_USER_PATHS = NO;
				CLANG_ANALYZER_NONNULL = YES;
				CLANG_ANALYZER_NUMBER_OBJECT_CONVERSION = YES_AGGRESSIVE;
				CLANG_CXX_LANGUAGE_STANDARD = "gnu++0x";
				CLANG_CXX_LIBRARY = "libc++";
				CLANG_ENABLE_MODULES = YES;
				CLANG_ENABLE_OBJC_ARC = YES;
				CLANG_WARN_BOOL_CONVERSION = YES;
				CLANG_WARN_CONSTANT_CONVERSION = YES;
				CLANG_WARN_DIRECT_OBJC_ISA_USAGE = YES_ERROR;
				CLANG_WARN_DOCUMENTATION_COMMENTS = YES;
				CLANG_WARN_EMPTY_BODY = YES;
				CLANG_WARN_ENUM_CONVERSION = YES;
				CLANG_WARN_INFINITE_RECURSION = YES;
				CLANG_WARN_INT_CONVERSION = YES;
				CLANG_WARN_OBJC_ROOT_CLASS = YES_ERROR;
				CLANG_WARN_SUSPICIOUS_MOVE = YES;
				CLANG_WARN_UNREACHABLE_CODE = YES;
				CLANG_WARN__DUPLICATE_METHOD_MATCH = YES;
				"CODE_SIGN_IDENTITY[sdk=iphoneos*]" = "iPhone Developer";
				COPY_PHASE_STRIP = NO;
				DEBUG_INFORMATION_FORMAT = dwarf;
				ENABLE_STRICT_OBJC_MSGSEND = YES;
				ENABLE_TESTABILITY = YES;
				GCC_C_LANGUAGE_STANDARD = gnu99;
				GCC_DYNAMIC_NO_PIC = NO;
				GCC_NO_COMMON_BLOCKS = YES;
				GCC_OPTIMIZATION_LEVEL = 0;
				GCC_PREPROCESSOR_DEFINITIONS = (
					"DEBUG=1",
					"$(inherited)",
				);
				GCC_WARN_64_TO_32_BIT_CONVERSION = YES;
				GCC_WARN_ABOUT_RETURN_TYPE = YES_ERROR;
				GCC_WARN_UNDECLARED_SELECTOR = YES;
				GCC_WARN_UNINITIALIZED_AUTOS = YES_AGGRESSIVE;
				GCC_WARN_UNUSED_FUNCTION = YES;
				GCC_WARN_UNUSED_VARIABLE = YES;
				IPHONEOS_DEPLOYMENT_TARGET = 10.3;
				MTL_ENABLE_DEBUG_INFO = YES;
				ONLY_ACTIVE_ARCH = YES;
				SDKROOT = iphoneos;
				SWIFT_ACTIVE_COMPILATION_CONDITIONS = DEBUG;
				SWIFT_OPTIMIZATION_LEVEL = "-Onone";
			};
			name = Debug;
		};
		F98954F11F21315200B24DC0 /* Release */ = {
			isa = XCBuildConfiguration;
			buildSettings = {
				ALWAYS_SEARCH_USER_PATHS = NO;
				CLANG_ANALYZER_NONNULL = YES;
				CLANG_ANALYZER_NUMBER_OBJECT_CONVERSION = YES_AGGRESSIVE;
				CLANG_CXX_LANGUAGE_STANDARD = "gnu++0x";
				CLANG_CXX_LIBRARY = "libc++";
				CLANG_ENABLE_MODULES = YES;
				CLANG_ENABLE_OBJC_ARC = YES;
				CLANG_WARN_BOOL_CONVERSION = YES;
				CLANG_WARN_CONSTANT_CONVERSION = YES;
				CLANG_WARN_DIRECT_OBJC_ISA_USAGE = YES_ERROR;
				CLANG_WARN_DOCUMENTATION_COMMENTS = YES;
				CLANG_WARN_EMPTY_BODY = YES;
				CLANG_WARN_ENUM_CONVERSION = YES;
				CLANG_WARN_INFINITE_RECURSION = YES;
				CLANG_WARN_INT_CONVERSION = YES;
				CLANG_WARN_OBJC_ROOT_CLASS = YES_ERROR;
				CLANG_WARN_SUSPICIOUS_MOVE = YES;
				CLANG_WARN_UNREACHABLE_CODE = YES;
				CLANG_WARN__DUPLICATE_METHOD_MATCH = YES;
				"CODE_SIGN_IDENTITY[sdk=iphoneos*]" = "iPhone Developer";
				COPY_PHASE_STRIP = NO;
				DEBUG_INFORMATION_FORMAT = "dwarf-with-dsym";
				ENABLE_NS_ASSERTIONS = NO;
				ENABLE_STRICT_OBJC_MSGSEND = YES;
				GCC_C_LANGUAGE_STANDARD = gnu99;
				GCC_NO_COMMON_BLOCKS = YES;
				GCC_WARN_64_TO_32_BIT_CONVERSION = YES;
				GCC_WARN_ABOUT_RETURN_TYPE = YES_ERROR;
				GCC_WARN_UNDECLARED_SELECTOR = YES;
				GCC_WARN_UNINITIALIZED_AUTOS = YES_AGGRESSIVE;
				GCC_WARN_UNUSED_FUNCTION = YES;
				GCC_WARN_UNUSED_VARIABLE = YES;
				IPHONEOS_DEPLOYMENT_TARGET = 10.3;
				MTL_ENABLE_DEBUG_INFO = NO;
				SDKROOT = iphoneos;
				SWIFT_OPTIMIZATION_LEVEL = "-Owholemodule";
				VALIDATE_PRODUCT = YES;
			};
			name = Release;
		};
		F98954F31F21315200B24DC0 /* Debug */ = {
			isa = XCBuildConfiguration;
			buildSettings = {
				ASSETCATALOG_COMPILER_APPICON_NAME = AppIcon;
				CLANG_ENABLE_MODULES = YES;
				DEVELOPMENT_TEAM = WB7NGK438F;
				FRAMEWORK_SEARCH_PATHS = (
					"$(inherited)",
					"$(PROJECT_DIR)",
				);
				INFOPLIST_FILE = Peer/Info.plist;
				LD_RUNPATH_SEARCH_PATHS = "$(inherited) @executable_path/Frameworks";
				PRODUCT_BUNDLE_IDENTIFIER = "-Users-tomura-Desktop-SwiftApp-Peer";
				PRODUCT_NAME = "$(TARGET_NAME)";
				SWIFT_OBJC_BRIDGING_HEADER = "New Group/Peer-Bridging-Header.h";
				SWIFT_OPTIMIZATION_LEVEL = "-Onone";
				SWIFT_VERSION = 3.0;
			};
			name = Debug;
		};
		F98954F41F21315200B24DC0 /* Release */ = {
			isa = XCBuildConfiguration;
			buildSettings = {
				ASSETCATALOG_COMPILER_APPICON_NAME = AppIcon;
				CLANG_ENABLE_MODULES = YES;
				DEVELOPMENT_TEAM = WB7NGK438F;
				FRAMEWORK_SEARCH_PATHS = (
					"$(inherited)",
					"$(PROJECT_DIR)",
				);
				INFOPLIST_FILE = Peer/Info.plist;
				LD_RUNPATH_SEARCH_PATHS = "$(inherited) @executable_path/Frameworks";
				PRODUCT_BUNDLE_IDENTIFIER = "-Users-tomura-Desktop-SwiftApp-Peer";
				PRODUCT_NAME = "$(TARGET_NAME)";
				SWIFT_OBJC_BRIDGING_HEADER = "New Group/Peer-Bridging-Header.h";
				SWIFT_VERSION = 3.0;
			};
			name = Release;
		};
/* End XCBuildConfiguration section */

/* Begin XCConfigurationList section */
		F98954DB1F21315200B24DC0 /* Build configuration list for PBXProject "Peer" */ = {
			isa = XCConfigurationList;
			buildConfigurations = (
				F98954F01F21315200B24DC0 /* Debug */,
				F98954F11F21315200B24DC0 /* Release */,
			);
			defaultConfigurationIsVisible = 0;
			defaultConfigurationName = Release;
		};
		F98954F21F21315200B24DC0 /* Build configuration list for PBXNativeTarget "Peer" */ = {
			isa = XCConfigurationList;
			buildConfigurations = (
				F98954F31F21315200B24DC0 /* Debug */,
				F98954F41F21315200B24DC0 /* Release */,
			);
			defaultConfigurationIsVisible = 0;
			defaultConfigurationName = Release;
		};
/* End XCConfigurationList section */
	};
	rootObject = F98954D81F21315200B24DC0 /* Project object */;
}
