// !$*UTF8*$!
{
	archiveVersion = 1;
	classes = {
	};
	objectVersion = 46;
	objects = {

/* Begin PBXBuildFile section */
		F98954E41F21315200B24DC0 /* AppDelegate.swift in Sources */ = {isa = PBXBuildFile; fileRef = F98954E31F21315200B24DC0 /* AppDelegate.swift */; };
		F98954E61F21315200B24DC0 /* ViewController.swift in Sources */ = {isa = PBXBuildFile; fileRef = F98954E51F21315200B24DC0 /* ViewController.swift */; };
		F98954E91F21315200B24DC0 /* Main.storyboard in Resources */ = {isa = PBXBuildFile; fileRef = F98954E71F21315200B24DC0 /* Main.storyboard */; };
		F98954EB1F21315200B24DC0 /* Assets.xcassets in Resources */ = {isa = PBXBuildFile; fileRef = F98954EA1F21315200B24DC0 /* Assets.xcassets */; };
		F98954EE1F21315200B24DC0 /* LaunchScreen.storyboard in Resources */ = {isa = PBXBuildFile; fileRef = F98954EC1F21315200B24DC0 /* LaunchScreen.storyboard */; };
		F9E1B1911F28AD8800A69D64 /* Receiver.m in Sources */ = {isa = PBXBuildFile; fileRef = F9E1B1901F28AD8800A69D64 /* Receiver.m */; };
/* End PBXBuildFile section */

/* Begin PBXFileReference section */
		F91BCA991F28B2A300A3443D /* Receiver.h */ = {isa = PBXFileReference; lastKnownFileType = sourcecode.c.h; name = Receiver.h; path = Peer/Receiver.h; sourceTree = "<group>"; };
		F98954E01F21315200B24DC0 /* Peer.app */ = {isa = PBXFileReference; explicitFileType = wrapper.application; includeInIndex = 0; path = Peer.app; sourceTree = BUILT_PRODUCTS_DIR; };
		F98954E31F21315200B24DC0 /* AppDelegate.swift */ = {isa = PBXFileReference; lastKnownFileType = sourcecode.swift; path = AppDelegate.swift; sourceTree = "<group>"; };
		F98954E51F21315200B24DC0 /* ViewController.swift */ = {isa = PBXFileReference; lastKnownFileType = sourcecode.swift; path = ViewController.swift; sourceTree = "<group>"; };
		F98954E81F21315200B24DC0 /* Base */ = {isa = PBXFileReference; lastKnownFileType = file.storyboard; name = Base; path = Base.lproj/Main.storyboard; sourceTree = "<group>"; };
		F98954EA1F21315200B24DC0 /* Assets.xcassets */ = {isa = PBXFileReference; lastKnownFileType = folder.assetcatalog; path = Assets.xcassets; sourceTree = "<group>"; };
		F98954ED1F21315200B24DC0 /* Base */ = {isa = PBXFileReference; lastKnownFileType = file.storyboard; name = Base; path = Base.lproj/LaunchScreen.storyboard; sourceTree = "<group>"; };
		F98954EF1F21315200B24DC0 /* Info.plist */ = {isa = PBXFileReference; lastKnownFileType = text.plist.xml; path = Info.plist; sourceTree = "<group>"; };
		F9E1B18F1F28AD8700A69D64 /* Peer-Bridging-Header.h */ = {isa = PBXFileReference; lastKnownFileType = sourcecode.c.h; name = "Peer-Bridging-Header.h"; path = "Peer/Peer-Bridging-Header.h"; sourceTree = "<group>"; };
		F9E1B1901F28AD8800A69D64 /* Receiver.m */ = {isa = PBXFileReference; fileEncoding = 4; lastKnownFileType = sourcecode.c.objc; name = Receiver.m; path = Peer/Receiver.m; sourceTree = "<group>"; };
/* End PBXFileReference section */

/* Begin PBXFrameworksBuildPhase section */
		F98954DD1F21315200B24DC0 /* Frameworks */ = {
			isa = PBXFrameworksBuildPhase;
			buildActionMask = 2147483647;
			files = (
			);
			runOnlyForDeploymentPostprocessing = 0;
		};
/* End PBXFrameworksBuildPhase section */

/* Begin PBXGroup section */
		F98954D71F21315200B24DC0 = {
			isa = PBXGroup;
			children = (
				F9D80B591F28DD8C0014B85B /* Objective-C_Code */,
				F98954E21F21315200B24DC0 /* Peer */,
				F98954E11F21315200B24DC0 /* Products */,
			);
			sourceTree = "<group>";
		};
		F98954E11F21315200B24DC0 /* Products */ = {
			isa = PBXGroup;
			children = (
				F98954E01F21315200B24DC0 /* Peer.app */,
			);
			name = Products;
			sourceTree = "<group>";
		};
		F98954E21F21315200B24DC0 /* Peer */ = {
			isa = PBXGroup;
			children = (
				F98954E31F21315200B24DC0 /* AppDelegate.swift */,
				F98954E51F21315200B24DC0 /* ViewController.swift */,
				F98954E71F21315200B24DC0 /* Main.storyboard */,
				F98954EA1F21315200B24DC0 /* Assets.xcassets */,
				F98954EC1F21315200B24DC0 /* LaunchScreen.storyboard */,
				F98954EF1F21315200B24DC0 /* Info.plist */,
			);
			path = Peer;
			sourceTree = "<group>";
		};
		F9D80B591F28DD8C0014B85B /* Objective-C_Code */ = {
			isa = PBXGroup;
			children = (
				F91BCA991F28B2A300A3443D /* Receiver.h */,
				F9E1B1901F28AD8800A69D64 /* Receiver.m */,
				F9E1B18F1F28AD8700A69D64 /* Peer-Bridging-Header.h */,
			);
			name = "Objective-C_Code";
			sourceTree = "<group>";
		};
/* End PBXGroup section */

/* Begin PBXNativeTarget section */
		F98954DF1F21315200B24DC0 /* Peer */ = {
			isa = PBXNativeTarget;
			buildConfigurationList = F98954F21F21315200B24DC0 /* Build configuration list for PBXNativeTarget "Peer" */;
			buildPhases = (
				F98954DC1F21315200B24DC0 /* Sources */,
				F98954DD1F21315200B24DC0 /* Frameworks */,
				F98954DE1F21315200B24DC0 /* Resources */,
			);
			buildRules = (
			);
			dependencies = (
			);
			name = Peer;
			productName = Peer;
			productReference = F98954E01F21315200B24DC0 /* Peer.app */;
			productType = "com.apple.product-type.application";
		};
/* End PBXNativeTarget section */

/* Begin PBXProject section */
		F98954D81F21315200B24DC0 /* Project object */ = {
			isa = PBXProject;
			attributes = {
				LastSwiftUpdateCheck = 0830;
				LastUpgradeCheck = 0830;
				ORGANIZATIONNAME = Shingo;
				TargetAttributes = {
					F98954DF1F21315200B24DC0 = {
						CreatedOnToolsVersion = 8.3.3;
						DevelopmentTeam = MF4M3CTG8F;
						LastSwiftMigration = 0830;
						ProvisioningStyle = Automatic;
					};
				};
			};
			buildConfigurationList = F98954DB1F21315200B24DC0 /* Build configuration list for PBXProject "Peer" */;
			compatibilityVersion = "Xcode 3.2";
			developmentRegion = English;
			hasScannedForEncodings = 0;
			knownRegions = (
				en,
				Base,
			);
			mainGroup = F98954D71F21315200B24DC0;
			productRefGroup = F98954E11F21315200B24DC0 /* Products */;
			projectDirPath = "";
			projectRoot = "";
			targets = (
				F98954DF1F21315200B24DC0 /* Peer */,
			);
		};
/* End PBXProject section */

/* Begin PBXResourcesBuildPhase section */
		F98954DE1F21315200B24DC0 /* Resources */ = {
			isa = PBXResourcesBuildPhase;
			buildActionMask = 2147483647;
			files = (
				F98954EE1F21315200B24DC0 /* LaunchScreen.storyboard in Resources */,
				F98954EB1F21315200B24DC0 /* Assets.xcassets in Resources */,
				F98954E91F21315200B24DC0 /* Main.storyboard in Resources */,
			);
			runOnlyForDeploymentPostprocessing = 0;
		};
/* End PBXResourcesBuildPhase section */

/* Begin PBXSourcesBuildPhase section */
		F98954DC1F21315200B24DC0 /* Sources */ = {
			isa = PBXSourcesBuildPhase;
			buildActionMask = 2147483647;
			files = (
				F98954E61F21315200B24DC0 /* ViewController.swift in Sources */,
				F98954E41F21315200B24DC0 /* AppDelegate.swift in Sources */,
				F9E1B1911F28AD8800A69D64 /* Receiver.m in Sources */,
			);
			runOnlyForDeploymentPostprocessing = 0;
		};
/* End PBXSourcesBuildPhase section */

/* Begin PBXVariantGroup section */
		F98954E71F21315200B24DC0 /* Main.storyboard */ = {
			isa = PBXVariantGroup;
			children = (
				F98954E81F21315200B24DC0 /* Base */,
			);
			name = Main.storyboard;
			sourceTree = "<group>";
		};
		F98954EC1F21315200B24DC0 /* LaunchScreen.storyboard */ = {
			isa = PBXVariantGroup;
			children = (
				F98954ED1F21315200B24DC0 /* Base */,
			);
			name = LaunchScreen.storyboard;
			sourceTree = "<group>";
		};
/* End PBXVariantGroup section */

/* Begin XCBuildConfiguration section */
		F98954F01F21315200B24DC0 /* Debug */ = {
			isa = XCBuildConfiguration;
			buildSettings = {
				ALWAYS_SEARCH_USER_PATHS = NO;
				CLANG_ANALYZER_NONNULL = YES;
				CLANG_ANALYZER_NUMBER_OBJECT_CONVERSION = YES_AGGRESSIVE;
				CLANG_CXX_LANGUAGE_STANDARD = "gnu++0x";
				CLANG_CXX_LIBRARY = "libc++";
				CLANG_ENABLE_MODULES = YES;
				CLANG_ENABLE_OBJC_ARC = YES;
				CLANG_WARN_BOOL_CONVERSION = YES;
				CLANG_WARN_CONSTANT_CONVERSION = YES;
				CLANG_WARN_DIRECT_OBJC_ISA_USAGE = YES_ERROR;
				CLANG_WARN_DOCUMENTATION_COMMENTS = YES;
				CLANG_WARN_EMPTY_BODY = YES;
				CLANG_WARN_ENUM_CONVERSION = YES;
				CLANG_WARN_INFINITE_RECURSION = YES;
				CLANG_WARN_INT_CONVERSION = YES;
				CLANG_WARN_OBJC_ROOT_CLASS = YES_ERROR;
				CLANG_WARN_SUSPICIOUS_MOVE = YES;
				CLANG_WARN_UNREACHABLE_CODE = YES;
				CLANG_WARN__DUPLICATE_METHOD_MATCH = YES;
				"CODE_SIGN_IDENTITY[sdk=iphoneos*]" = "iPhone Developer";
				COPY_PHASE_STRIP = NO;
				DEBUG_INFORMATION_FORMAT = dwarf;
				ENABLE_STRICT_OBJC_MSGSEND = YES;
				ENABLE_TESTABILITY = YES;
				GCC_C_LANGUAGE_STANDARD = gnu99;
				GCC_DYNAMIC_NO_PIC = NO;
				GCC_NO_COMMON_BLOCKS = YES;
				GCC_OPTIMIZATION_LEVEL = 0;
				GCC_PREPROCESSOR_DEFINITIONS = (
					"DEBUG=1",
					"$(inherited)",
				);
				GCC_WARN_64_TO_32_BIT_CONVERSION = YES;
				GCC_WARN_ABOUT_RETURN_TYPE = YES_ERROR;
				GCC_WARN_UNDECLARED_SELECTOR = YES;
				GCC_WARN_UNINITIALIZED_AUTOS = YES_AGGRESSIVE;
				GCC_WARN_UNUSED_FUNCTION = YES;
				GCC_WARN_UNUSED_VARIABLE = YES;
				IPHONEOS_DEPLOYMENT_TARGET = 10.3;
				MTL_ENABLE_DEBUG_INFO = YES;
				ONLY_ACTIVE_ARCH = YES;
				SDKROOT = iphoneos;
				SWIFT_ACTIVE_COMPILATION_CONDITIONS = DEBUG;
				SWIFT_OPTIMIZATION_LEVEL = "-Onone";
			};
			name = Debug;
		};
		F98954F11F21315200B24DC0 /* Release */ = {
			isa = XCBuildConfiguration;
			buildSettings = {
				ALWAYS_SEARCH_USER_PATHS = NO;
				CLANG_ANALYZER_NONNULL = YES;
				CLANG_ANALYZER_NUMBER_OBJECT_CONVERSION = YES_AGGRESSIVE;
				CLANG_CXX_LANGUAGE_STANDARD = "gnu++0x";
				CLANG_CXX_LIBRARY = "libc++";
				CLANG_ENABLE_MODULES = YES;
				CLANG_ENABLE_OBJC_ARC = YES;
				CLANG_WARN_BOOL_CONVERSION = YES;
				CLANG_WARN_CONSTANT_CONVERSION = YES;
				CLANG_WARN_DIRECT_OBJC_ISA_USAGE = YES_ERROR;
				CLANG_WARN_DOCUMENTATION_COMMENTS = YES;
				CLANG_WARN_EMPTY_BODY = YES;
				CLANG_WARN_ENUM_CONVERSION = YES;
				CLANG_WARN_INFINITE_RECURSION = YES;
				CLANG_WARN_INT_CONVERSION = YES;
				CLANG_WARN_OBJC_ROOT_CLASS = YES_ERROR;
				CLANG_WARN_SUSPICIOUS_MOVE = YES;
				CLANG_WARN_UNREACHABLE_CODE = YES;
				CLANG_WARN__DUPLICATE_METHOD_MATCH = YES;
				"CODE_SIGN_IDENTITY[sdk=iphoneos*]" = "iPhone Developer";
				COPY_PHASE_STRIP = NO;
				DEBUG_INFORMATION_FORMAT = "dwarf-with-dsym";
				ENABLE_NS_ASSERTIONS = NO;
				ENABLE_STRICT_OBJC_MSGSEND = YES;
				GCC_C_LANGUAGE_STANDARD = gnu99;
				GCC_NO_COMMON_BLOCKS = YES;
				GCC_WARN_64_TO_32_BIT_CONVERSION = YES;
				GCC_WARN_ABOUT_RETURN_TYPE = YES_ERROR;
				GCC_WARN_UNDECLARED_SELECTOR = YES;
				GCC_WARN_UNINITIALIZED_AUTOS = YES_AGGRESSIVE;
				GCC_WARN_UNUSED_FUNCTION = YES;
				GCC_WARN_UNUSED_VARIABLE = YES;
				IPHONEOS_DEPLOYMENT_TARGET = 10.3;
				MTL_ENABLE_DEBUG_INFO = NO;
				SDKROOT = iphoneos;
				SWIFT_OPTIMIZATION_LEVEL = "-Owholemodule";
				VALIDATE_PRODUCT = YES;
			};
			name = Release;
		};
		F98954F31F21315200B24DC0 /* Debug */ = {
			isa = XCBuildConfiguration;
			buildSettings = {
				ASSETCATALOG_COMPILER_APPICON_NAME = AppIcon;
				CLANG_ENABLE_MODULES = YES;
				DEVELOPMENT_TEAM = MF4M3CTG8F;
				INFOPLIST_FILE = Peer/Info.plist;
				LD_RUNPATH_SEARCH_PATHS = "$(inherited) @executable_path/Frameworks";
				PRODUCT_BUNDLE_IDENTIFIER = "-Users-tomura-Desktop-SwiftApp-Peer";
				PRODUCT_NAME = "$(TARGET_NAME)";
				SWIFT_OBJC_BRIDGING_HEADER = "Peer/Peer-Bridging-Header.h";
				SWIFT_OPTIMIZATION_LEVEL = "-Onone";
				SWIFT_VERSION = 3.0;
			};
			name = Debug;
		};
		F98954F41F21315200B24DC0 /* Release */ = {
			isa = XCBuildConfiguration;
			buildSettings = {
				ASSETCATALOG_COMPILER_APPICON_NAME = AppIcon;
				CLANG_ENABLE_MODULES = YES;
				DEVELOPMENT_TEAM = MF4M3CTG8F;
				INFOPLIST_FILE = Peer/Info.plist;
				LD_RUNPATH_SEARCH_PATHS = "$(inherited) @executable_path/Frameworks";
				PRODUCT_BUNDLE_IDENTIFIER = "-Users-tomura-Desktop-SwiftApp-Peer";
				PRODUCT_NAME = "$(TARGET_NAME)";
				SWIFT_OBJC_BRIDGING_HEADER = "Peer/Peer-Bridging-Header.h";
				SWIFT_VERSION = 3.0;
			};
			name = Release;
		};
/* End XCBuildConfiguration section */

/* Begin XCConfigurationList section */
		F98954DB1F21315200B24DC0 /* Build configuration list for PBXProject "Peer" */ = {
			isa = XCConfigurationList;
			buildConfigurations = (
				F98954F01F21315200B24DC0 /* Debug */,
				F98954F11F21315200B24DC0 /* Release */,
			);
			defaultConfigurationIsVisible = 0;
			defaultConfigurationName = Release;
		};
		F98954F21F21315200B24DC0 /* Build configuration list for PBXNativeTarget "Peer" */ = {
			isa = XCConfigurationList;
			buildConfigurations = (
				F98954F31F21315200B24DC0 /* Debug */,
				F98954F41F21315200B24DC0 /* Release */,
			);
			defaultConfigurationIsVisible = 0;
			defaultConfigurationName = Release;
		};
/* End XCConfigurationList section */
	};
	rootObject = F98954D81F21315200B24DC0 /* Project object */;
}
